{
  "requires": true,
  "lockfileVersion": 1,
  "dependencies": {
    "invert-color": {
      "version": "1.2.2",
      "resolved": "https://registry.npmjs.org/invert-color/-/invert-color-1.2.2.tgz",
      "integrity": "sha512-/nfFedgf88YEGuUeBtykopBdcUPni0UdQqps5mCbscX0iLZGEqtBoIP9/54D5R/NzReZhFrVq8/0L0XLwDsHzg=="
    }
  }
}
