# THIS IS AN AUTOGENERATED FILE. DO NOT EDIT THIS FILE DIRECTLY.
# yarn lockfile v1


github-graphql-client@^1.0.0:
  version "1.0.0"
  resolved "https://registry.yarnpkg.com/github-graphql-client/-/github-graphql-client-1.0.0.tgz#d5acacc31bb9f6b77e5c502812e90c844f727bca"

moment@^2.20.1:
  version "2.20.1"
  resolved "https://registry.yarnpkg.com/moment/-/moment-2.20.1.tgz#d6eb1a46cbcc14a2b2f9434112c1ff8907f313fd"
