# THIS IS AN AUTOGENERATED FILE. DO NOT EDIT THIS FILE DIRECTLY.
# yarn lockfile v1


add-subtract-date@^1.0.0:
  version "1.0.14"
  resolved "https://registry.yarnpkg.com/add-subtract-date/-/add-subtract-date-1.0.14.tgz#c2c2e707fa93c77ba3f70a010a6085eb13063d6f"
  integrity sha512-e070xJdKBEEdAgCJJm1nBSdGv4Y6C2LXP9PYHBUJPV/3eUkZ46bnnkzejmXmTFYyIsiouLPt26yGgsHZL7WDvg==

ansi-parser@^3.2.5:
  version "3.2.9"
  resolved "https://registry.yarnpkg.com/ansi-parser/-/ansi-parser-3.2.9.tgz#42347935924456f00c43ebae0dbba95421f09173"
  integrity sha512-x2Xyol4vxAfYML/DPVaUZuUon+gXrr94Xk32HZh+omGwwxCeXr4bntDiTNxgPcGLGS091JiVjJ3yYQ/mG2gKPA==

ansi-styles@^3.0.0:
  version "3.2.1"
  resolved "https://registry.yarnpkg.com/ansi-styles/-/ansi-styles-3.2.1.tgz#41fbb20243e50b12be0f04b8dedbf07520ce841d"
  integrity sha512-VT0ZI6kZRdTh8YyJw3SMbYm/u+NqfsAxEpWO0Pf9sq8/e94WxxOpPKx9FR1FlyCtOVDNOQ+8ntlqFxiRc+r5qA==
  dependencies:
    color-convert "^1.9.0"

ansy@^1.0.0:
  version "1.0.14"
  resolved "https://registry.yarnpkg.com/ansy/-/ansy-1.0.14.tgz#7df7d0194a4cc2d97fd0204bb7faa0e6b29e7eb0"
  integrity sha512-6EZU3oFiAFR5KdxMfBC7L9A5WtMSO9rXietMuQ0STnHx2n2qgrDld+7JkT2j9FHWRVOHekdH5nMs5Hry4oJzyg==
  dependencies:
    ansi-styles "^3.0.0"
    custom-return "^1.0.0"
    supports-color "^3.1.2"
    ul "^5.2.1"

argparse@^1.0.7:
  version "1.0.10"
  resolved "https://registry.yarnpkg.com/argparse/-/argparse-1.0.10.tgz#bcd6791ea5ae09725e17e5ad988134cd40b3d911"
  integrity sha512-o5Roy6tNG4SL/FOkCAN6RzjiakZS25RLYFrcMttJqbdd8BWrnA+fGz57iN5Pb06pvBGvl5gQ0B48dJlslXvoTg==
  dependencies:
    sprintf-js "~1.0.2"

assured@^1.0.12:
  version "1.0.14"
  resolved "https://registry.yarnpkg.com/assured/-/assured-1.0.14.tgz#216c05dcec6a639d831bcd3b168c43bb8a1697ea"
  integrity sha512-srUv3dc59TE0cAwERnbh9f5vIqjitF39dCSBB8C3cqnHKjYkEpKAPUouGcfpM489V+n6cw12Ipgx8AMd1FvYBw==
  dependencies:
    noop6 "^1.0.1"
    sliced "^1.0.1"

bug-killer@^4.0.0:
  version "4.4.4"
  resolved "https://registry.yarnpkg.com/bug-killer/-/bug-killer-4.4.4.tgz#96e0322b9437a2b0672d78aacd1ed2bef11f945a"
  integrity sha1-luAyK5Q3orBnLXiqzR7SvvEflFo=
  dependencies:
    ansi-parser "^3.2.5"
    couleurs "^6.0.6"
    daty "^1.0.7"
    deffy "^2.2.2"
    typpy "^2.3.6"

class-methods@^1.0.4:
  version "1.0.11"
  resolved "https://registry.yarnpkg.com/class-methods/-/class-methods-1.0.11.tgz#700394ab14305defcde93b69f62264ba9094ab49"
  integrity sha512-vwcPXDAv+7/peB7sGMwif6UG/S+7hM5lfNjLrZ/73drKAiO32Eq0g2Wdpl/CDbQJ/K8QHbJKOgFwYGYm+je81w==
  dependencies:
    exclude-arr "^1.0.0"
    static-methods "^1.0.0"
    ul "^5.2.1"

color-convert@^1.0.0, color-convert@^1.9.0:
  version "1.9.3"
  resolved "https://registry.yarnpkg.com/color-convert/-/color-convert-1.9.3.tgz#bb71850690e1f136567de629d2d5471deda4c1e8"
  integrity sha512-QfAUtd+vFdAtFQcC8CCyYt1fYWxSqAiK2cSD6zDB8N3cpsEBAvRxp9zOGg6G/SHHJYAT88/az/IuDGALsNVbGg==
  dependencies:
    color-name "1.1.3"

color-name@1.1.3:
  version "1.1.3"
  resolved "https://registry.yarnpkg.com/color-name/-/color-name-1.1.3.tgz#a7d0558bd89c42f795dd42328f740831ca53bc25"
  integrity sha1-p9BVi9icQveV3UIyj3QIMcpTvCU=

couleurs@^6.0.6:
  version "6.0.10"
  resolved "https://registry.yarnpkg.com/couleurs/-/couleurs-6.0.10.tgz#a4a89a456f53ee98e65f106f2e69c6cb852e19fd"
  integrity sha512-16ZvhVjVhEP75sMflsPtXcwbly+79os1zhBVcpRWNmnwifEbZChW+0URYING/A2ehBwp8i0pOXJYzdpiGO3Ivw==
  dependencies:
    ansy "^1.0.0"
    color-convert "^1.0.0"
    iterate-object "^1.3.1"
    typpy "^2.3.1"

custom-return@^1.0.0:
  version "1.0.11"
  resolved "https://registry.yarnpkg.com/custom-return/-/custom-return-1.0.11.tgz#38461ed33435a641b27cdf6523ffd399e3edf91c"
  integrity sha512-CM64m2bV2IQ1MiKRErXR3mRlIiFkIjkQGktTMVPXbmmKCZEiO/YGUlrg69/Gg2tGTSNv+Kyd3+bNJEJIlxhZbA==
  dependencies:
    noop6 "^1.0.0"

date-unit-ms@^1.1.0:
  version "1.1.13"
  resolved "https://registry.yarnpkg.com/date-unit-ms/-/date-unit-ms-1.1.13.tgz#07790d540b10f8dd42483e14dbb70dfdb7f90f10"
  integrity sha512-ehxYuiREy1Qviz6JnHBrpbLXUx5+oQ5ydhkW/2lZkOUOZbEX8h/NcPRL4JQfN4K3iufhOLTfg4PLm9SHpwghjw==

daty@^1.0.7:
  version "1.2.0"
  resolved "https://registry.yarnpkg.com/daty/-/daty-1.2.0.tgz#cc2d30bc8faf0123a41e4f2afe07af9f3ce41916"
  integrity sha512-FAcA7F6OzCyc4hzo/6qcvqPwQ5y5gO8q0n9R5E8N0oMhMQo1oUMiqHGmHbhSj/n/a2wmCz+EBZb2luX/LkASbQ==
  dependencies:
    add-subtract-date "^1.0.0"
    class-methods "^1.0.4"
    date-unit-ms "^1.1.0"
    diff-dates "^1.0.0"
    formatoid "^1.0.0"

days@^1.0.1:
  version "1.1.1"
  resolved "https://registry.yarnpkg.com/days/-/days-1.1.1.tgz#b039d1e5ad5335ca689401855546f02d4cfcb362"
  integrity sha512-vzeIwVsEIyA35GH4+mPd4hjVDNI87wYANyZFs0BHjBr5kIBH5zEl7LfD6Wr4SFZca4D3CU9IH1w4DuZLlXzKRw==

debug@^3.0.0:
  version "3.2.6"
  resolved "https://registry.yarnpkg.com/debug/-/debug-3.2.6.tgz#e83d17de16d8a7efb7717edbe5fb10135eee629b"
  integrity sha512-mel+jf7nrtEl5Pn1Qx46zARXKDpBbvzezse7p7LqINmdoIk8PYP5SySaxEmYv6TZ0JyEKA1hsCId6DIhgITtWQ==
  dependencies:
    ms "^2.1.1"

deffy@^2.2.2:
  version "2.2.3"
  resolved "https://registry.yarnpkg.com/deffy/-/deffy-2.2.3.tgz#16671c969a8fc447c76dd6bb0d265dd2d1b9c361"
  integrity sha512-c5JD8Z6V1aBWVzn1+aELL97R1pHCwEjXeU3hZXdigkZkxb9vhgFP162kAxGXl992TtAg0btwQyx7d54CqcQaXQ==
  dependencies:
    typpy "^2.0.0"

diff-dates@^1.0.0:
  version "1.0.12"
  resolved "https://registry.yarnpkg.com/diff-dates/-/diff-dates-1.0.12.tgz#8fffeb9a0e007db86f4bbb7c959d158ec16e9be5"
  integrity sha512-BzLapmfcyhgyBqXQyIWg5jAEbCzQMi3jkbITHoUT4vVZ8zcGgwafuwy6JpnlK+qE5N0U92SKD852LVjHYMVE5Q==
  dependencies:
    date-unit-ms "^1.1.0"

esprima@^4.0.0:
  version "4.0.1"
  resolved "https://registry.yarnpkg.com/esprima/-/esprima-4.0.1.tgz#13b04cdb3e6c5d19df91ab6987a8695619b0aa71"
  integrity sha512-eGuFFw7Upda+g4p+QHvnW0RyTX/SVeJBDM/gCtMARO0cLuT2HcEKnTPvhjV6aGeqrCB/sbNop0Kszm0jsaWU4A==

exclude-arr@^1.0.0:
  version "1.0.10"
  resolved "https://registry.yarnpkg.com/exclude-arr/-/exclude-arr-1.0.10.tgz#1a551bce3c49430f937c98c2d44eb1af2ca6eb31"
  integrity sha512-ko08oRZHjAjd2URR5knpuQQZhEyS3aCcET4NDt65GKxg/8mzakufW0NZZSjHSu7dU76cMkbiLNTGRT8XIxOIng==

fillo@^1.0.0:
  version "1.0.12"
  resolved "https://registry.yarnpkg.com/fillo/-/fillo-1.0.12.tgz#27a0f2793fcbb08dbd6ddb6568deb53896511aea"
  integrity sha512-WjV09RN7NEp1EazSNKJVZCVHeWYj4MNyb4HX1BAyrW4j0OW2UPJukP4SUkJt9Nj7gWgyD6avK0mH5bjwOZFViw==

follow-redirects@^1.4.1:
  version "1.10.0"
  resolved "https://registry.yarnpkg.com/follow-redirects/-/follow-redirects-1.10.0.tgz#01f5263aee921c6a54fb91667f08f4155ce169eb"
  integrity sha512-4eyLK6s6lH32nOvLLwlIOnr9zrL8Sm+OvW4pVTJNoXeGzYIkHVf+pADQi+OJ0E67hiuSLezPVPyBcIZO50TmmQ==
  dependencies:
    debug "^3.0.0"

formatoid@^1.0.0:
  version "1.2.3"
  resolved "https://registry.yarnpkg.com/formatoid/-/formatoid-1.2.3.tgz#f9c1628fecbdfb56e422e5000cd2e81c1710589f"
  integrity sha512-CkI0aK01nKhHoFZByDKw/yrNPy+g56DNIEmlq0Q67grdR/LLV8Orc9gsTGVP7XufM3bZg8iuD5UsVfkOdJo2yg==
  dependencies:
    days "^1.0.1"
    fillo "^1.0.0"
    months "^1.0.0"
    parse-it "^1.0.0"

function.name@^1.0.3:
  version "1.0.12"
  resolved "https://registry.yarnpkg.com/function.name/-/function.name-1.0.12.tgz#34eec84476d9fb67977924a4cdcb98ec85695726"
  integrity sha512-C7Tu+rAFrWW5RjXqtKtXp2xOdCujq+4i8ZH3w0uz/xrYHBwXZrPt96x8cDAEHrIjeyEv/Jm6iDGyqupbaVQTlw==
  dependencies:
    noop6 "^1.0.1"

github-colors@^2.2.17:
  version "2.2.18"
  resolved "https://registry.yarnpkg.com/github-colors/-/github-colors-2.2.18.tgz#7eeab49751d3f14edc8b54417ade0411a14092f2"
  integrity sha512-eFSWshWZT1Ewp1R+1rfF4zZSJZZPPu/3m56YRMXJMKD1xnkuf5q5y/oUpITVSUEyP6E/KyeCxGL4Z3psV8+MmA==
  dependencies:
    bug-killer "^4.0.0"
    js-yaml "^3.6.1"
    streamp "^2.0.0"
    tinyreq "^3.1.3"
    ul "^5.0.0"

github-graphql-client@^1.0.0:
  version "1.0.0"
  resolved "https://registry.yarnpkg.com/github-graphql-client/-/github-graphql-client-1.0.0.tgz#d5acacc31bb9f6b77e5c502812e90c844f727bca"
  integrity sha1-1ayswxu59rd+XFAoEukMhE9ye8o=

has-flag@^1.0.0:
  version "1.0.0"
  resolved "https://registry.yarnpkg.com/has-flag/-/has-flag-1.0.0.tgz#9d9e793165ce017a00f00418c43f942a7b1d11fa"
  integrity sha1-nZ55MWXOAXoA8AQYxD+UKnsdEfo=

invert-color@^1.2.3:
  version "1.5.0"
  resolved "https://registry.yarnpkg.com/invert-color/-/invert-color-1.5.0.tgz#d0cf98ec5a2d0e879c63d063ac9c33476c3b9bf2"
  integrity sha512-aQn5QQDVscen9DTotWg3DscDPH+OF1Tj2UZ3BnddgTdNMhvE9Dp4HGdxazFJSIL/i6fBoXTmxEmO5Fn7JlT3Hg==

iterate-object@^1.3.1:
  version "1.3.3"
  resolved "https://registry.yarnpkg.com/iterate-object/-/iterate-object-1.3.3.tgz#c58e60f7f0caefa2d382027a484b215988a7a296"
  integrity sha512-DximWbkke36cnrSfNJv6bgcB2QOMV9PRD2FiowwzCoMsh8RupFLdbNIzWe+cVDWT+NIMNJgGlB1dGxP6kpzGtA==

js-yaml@^3.6.1:
  version "3.13.1"
  resolved "https://registry.yarnpkg.com/js-yaml/-/js-yaml-3.13.1.tgz#aff151b30bfdfa8e49e05da22e7415e9dfa37847"
  integrity sha512-YfbcO7jXDdyj0DGxYVSlSeQNHbD7XPWvrVWeVUujrQEoZzWJIRrCPoyk6kL6IAjAG2IolMK4T0hNUe0HOUs5Jw==
  dependencies:
    argparse "^1.0.7"
    esprima "^4.0.0"

minimist@^1.2.5:
  version "1.2.5"
  resolved "https://registry.yarnpkg.com/minimist/-/minimist-1.2.5.tgz#67d66014b66a6a8aaa0c083c5fd58df4e4e97602"
  integrity sha512-FM9nNUYrRBAELZQT3xeZQ7fmMOBg6nWNmJKTcgsJeaLstP/UODVpGsr5OhXhhXg6f+qtJ8uiZ+PUxkDWcgIXLw==

mkdirp@^0.5.0:
  version "0.5.4"
  resolved "https://registry.yarnpkg.com/mkdirp/-/mkdirp-0.5.4.tgz#fd01504a6797ec5c9be81ff43d204961ed64a512"
  integrity sha512-iG9AK/dJLtJ0XNgTuDbSyNS3zECqDlAhnQW4CsNxBG3LQJBbHmRX1egw39DmtOdCAqY+dKXV+sgPgilNWUKMVw==
  dependencies:
    minimist "^1.2.5"

moment@^2.22.2:
  version "2.24.0"
  resolved "https://registry.yarnpkg.com/moment/-/moment-2.24.0.tgz#0d055d53f5052aa653c9f6eb68bb5d12bf5c2b5b"
  integrity sha512-bV7f+6l2QigeBBZSM/6yTNq4P2fNpSWj/0e7jQcy87A8e7o2nAfP/34/2ky5Vw4B9S446EtIhodAzkFCcR4dQg==

months@^1.0.0:
  version "1.2.0"
  resolved "https://registry.yarnpkg.com/months/-/months-1.2.0.tgz#beef54873960334abe0b03f6b38db8adb44a13ac"
  integrity sha512-zFM7hUpziSYGk2DNObYGWgHdRRxAOgjl8CC1Rbl50p/q0rGDsREfk0nbxxmSIquVi/lEAuUY8nwbwkZ8biNCOQ==

ms@^2.1.1:
  version "2.1.2"
  resolved "https://registry.yarnpkg.com/ms/-/ms-2.1.2.tgz#d09d1f357b443f493382a8eb3ccd183872ae6009"
  integrity sha512-sGkPx+VjMtmA6MX27oA4FBFELFCZZ4S4XqeGOXCv68tT+jb3vk/RyaKWP0PTKyWtmLSM0b+adUTEvbs1PEaH2w==

noop6@^1.0.0, noop6@^1.0.1, noop6@^1.0.7:
  version "1.0.8"
  resolved "https://registry.yarnpkg.com/noop6/-/noop6-1.0.8.tgz#eff06e2e5b3621e9e5618f389d6a2294f76e64ad"
  integrity sha512-+Al5csMVc40I8xRfJsyBcN1IbpyvebOuQmMfxdw+AL6ECELey12ANgNTRhMfTwNIDU4W9W0g8EHLcsb3+3qPFA==

normalizr@^3.2.4:
  version "3.6.0"
  resolved "https://registry.yarnpkg.com/normalizr/-/normalizr-3.6.0.tgz#b8bbc4546ffe43c1c2200503041642915fcd3e1c"
  integrity sha512-25cd8DiDu+pL46KIaxtVVvvEPjGacJgv0yUg950evr62dQ/ks2JO1kf7+Vi5/rMFjaSTSTls7aCnmRlUSljtiA==

parse-it@^1.0.0:
  version "1.0.9"
  resolved "https://registry.yarnpkg.com/parse-it/-/parse-it-1.0.9.tgz#09c9f52734de2cba309d0e083de305c912f294f3"
  integrity sha512-8KW9XwW5+DFsvkkSXLZw7AGormnQ+/unnqmTPq7uoiAJNaeLo0T78zT/Ootc0HrdEgVvxM4+mOCRLKJOVtkogQ==
  dependencies:
    regex-escape "^3.4.0"

regex-escape@^3.4.0:
  version "3.4.9"
  resolved "https://registry.yarnpkg.com/regex-escape/-/regex-escape-3.4.9.tgz#407b413562e2373d56994ff213e693658ea4f8f7"
  integrity sha512-Cv9rjwyQwVhn3L097ysanWsEElurmxDj6Cc4Ut23z7e6hzRbrNvF3Le7yAciMfuzyb0sZwSr0ZHunMNCIoy2/g==

sliced@^1.0.1:
  version "1.0.1"
  resolved "https://registry.yarnpkg.com/sliced/-/sliced-1.0.1.tgz#0b3a662b5d04c3177b1926bea82b03f837a2ef41"
  integrity sha1-CzpmK10Ewxd7GSa+qCsD+Dei70E=

sprintf-js@~1.0.2:
  version "1.0.3"
  resolved "https://registry.yarnpkg.com/sprintf-js/-/sprintf-js-1.0.3.tgz#04e6926f662895354f3dd015203633b857297e2c"
  integrity sha1-BOaSb2YolTVPPdAVIDYzuFcpfiw=

static-methods@^1.0.0:
  version "1.0.11"
  resolved "https://registry.yarnpkg.com/static-methods/-/static-methods-1.0.11.tgz#f2a99c494539486357054c932fa664fc823c7499"
  integrity sha512-9h0jHGwhz6y3/5nsc9hf93u/37VQc6GctpLsnpGwB8al8qwycmLkmbDnACa64jAk0rI+i9S8hGU/ozmL7+/3sg==

streamp@^2.0.0:
  version "2.2.9"
  resolved "https://registry.yarnpkg.com/streamp/-/streamp-2.2.9.tgz#bde5a66d99b6545c6f70dedcbe18c69c9f7f283e"
  integrity sha512-O9sQ0Xhca952frhlM84JEGc9a3IuBFcpsv/PemwBAzSo9Lpq9GpYUwOHVZrmda/tklqqV5hEqKp9XmN3wWpIIw==
  dependencies:
    mkdirp "^0.5.0"
    ul "^5.0.0"

supports-color@^3.1.2:
  version "3.2.3"
  resolved "https://registry.yarnpkg.com/supports-color/-/supports-color-3.2.3.tgz#65ac0504b3954171d8a64946b2ae3cbb8a5f54f6"
  integrity sha1-ZawFBLOVQXHYpklGsq48u4pfVPY=
  dependencies:
    has-flag "^1.0.0"

tinyreq@^3.1.3:
  version "3.4.1"
  resolved "https://registry.yarnpkg.com/tinyreq/-/tinyreq-3.4.1.tgz#bda354531817d2db72e85a3da71fa14de940dca3"
  integrity sha512-IeWK9x7AZHQfxqb5VpE1+Ime0iubDjgr9DCFHTLMXO55HjQTMmqBByxoJ0rhQRxXumtTwsMcq0/gTglZkB9+IA==
  dependencies:
    assured "^1.0.12"
    follow-redirects "^1.4.1"
    noop6 "^1.0.7"
    ul "^5.2.13"

typpy@^2.0.0, typpy@^2.3.1, typpy@^2.3.4, typpy@^2.3.6:
  version "2.3.11"
  resolved "https://registry.yarnpkg.com/typpy/-/typpy-2.3.11.tgz#21a0d22c96fb646306e08b6c669ad43608e1b3b9"
  integrity sha512-Jh/fykZSaxeKO0ceMAs6agki9T5TNA9kiIR6fzKbvafKpIw8UlNlHhzuqKyi5lfJJ5VojJOx9tooIbyy7vHV/g==
  dependencies:
    function.name "^1.0.3"

ul@^5.0.0, ul@^5.2.1, ul@^5.2.13:
  version "5.2.14"
  resolved "https://registry.yarnpkg.com/ul/-/ul-5.2.14.tgz#560abd28d0f9762010b0e7a84a56e7208166f61a"
  integrity sha512-VaIRQZ5nkEd8VtI3OYo5qNbhHQuBtPtu5k5GrYaKCmcP1H+FkuWtS+XFTSU1oz5GiuAg2FJL5ka8ufr9zdm8eg==
  dependencies:
    deffy "^2.2.2"
    typpy "^2.3.4"
