# THIS IS AN AUTOGENERATED FILE. DO NOT EDIT THIS FILE DIRECTLY.
# yarn lockfile v1


add-subtract-date@^1.0.0:
  version "1.0.15"
  resolved "https://registry.yarnpkg.com/add-subtract-date/-/add-subtract-date-1.0.15.tgz#dd81b9236795b3ed113131dc1a325833c856c8bc"
  integrity sha512-MiL4wnMyM999meyCrSA3LME9uZ/b5ptSd0ACDVUoTfutFwvkMyIN7nG7gjrU56WEk5RlFLBghabcgdYwY8s+nQ==

ansi-parser@^3.2.5:
  version "3.2.10"
  resolved "https://registry.yarnpkg.com/ansi-parser/-/ansi-parser-3.2.10.tgz#6ddcf8a1c41339394f0e64c7b075985fb2a87c95"
  integrity sha512-CGKGIbd678lm15IXJXI1cTyOVAnMQw0jES+klW/yIc+GzYccsYanLMhczPIIj2hE64B79g75QfiuWrEWd6nJdg==

ansi-styles@^3.0.0:
  version "3.2.1"
  resolved "https://registry.yarnpkg.com/ansi-styles/-/ansi-styles-3.2.1.tgz#41fbb20243e50b12be0f04b8dedbf07520ce841d"
  integrity sha512-VT0ZI6kZRdTh8YyJw3SMbYm/u+NqfsAxEpWO0Pf9sq8/e94WxxOpPKx9FR1FlyCtOVDNOQ+8ntlqFxiRc+r5qA==
  dependencies:
    color-convert "^1.9.0"

ansy@^1.0.0:
  version "1.0.15"
  resolved "https://registry.yarnpkg.com/ansy/-/ansy-1.0.15.tgz#3915c82eb71aa8ddc37721c8c6db66d50d44c207"
  integrity sha512-mQyNSn58HN7aEthofkap0hn8jg7/5SJWrB0ypExgcECOwLppc0njH+QBA9X5VMiEN9SM0JlFZWJQGycxxInAqg==
  dependencies:
    ansi-styles "^3.0.0"
    custom-return "^1.0.0"
    supports-color "^3.1.2"
    ul "^5.2.1"

argparse@^1.0.7:
  version "1.0.10"
  resolved "https://registry.yarnpkg.com/argparse/-/argparse-1.0.10.tgz#bcd6791ea5ae09725e17e5ad988134cd40b3d911"
  integrity sha512-o5Roy6tNG4SL/FOkCAN6RzjiakZS25RLYFrcMttJqbdd8BWrnA+fGz57iN5Pb06pvBGvl5gQ0B48dJlslXvoTg==
  dependencies:
    sprintf-js "~1.0.2"

assured@^1.0.12:
  version "1.0.15"
  resolved "https://registry.yarnpkg.com/assured/-/assured-1.0.15.tgz#f87479e8eaed7bddf2a0589571e390c989e8fe17"
  integrity sha512-EVb4T+6m5VdlTJ6gbv4WjBM1rHfzXP2BspsQ6VLswcnIQSabjJy7A9YEuG4/KmfF+9OEuT5xhqVJ+V1tClD5ww==
  dependencies:
    noop6 "^1.0.1"
    sliced "^1.0.1"

bug-killer@^4.0.0:
  version "4.4.4"
  resolved "https://registry.yarnpkg.com/bug-killer/-/bug-killer-4.4.4.tgz#96e0322b9437a2b0672d78aacd1ed2bef11f945a"
  integrity sha1-luAyK5Q3orBnLXiqzR7SvvEflFo=
  dependencies:
    ansi-parser "^3.2.5"
    couleurs "^6.0.6"
    daty "^1.0.7"
    deffy "^2.2.2"
    typpy "^2.3.6"

class-methods@^1.0.4:
  version "1.0.12"
  resolved "https://registry.yarnpkg.com/class-methods/-/class-methods-1.0.12.tgz#982d86601990256abffa412e0ad329784c966210"
  integrity sha512-14T82nNlU+OAhPNm4Fw4kJUS8klgt9n1+CdtB6LHvmWC5Wb89TZQ6CuCwEK2YR03O/hT0eHGIpQxtovAnN9CtA==
  dependencies:
    exclude-arr "^1.0.0"
    static-methods "^1.0.0"
    ul "^5.2.1"

color-convert@^1.0.0, color-convert@^1.9.0:
  version "1.9.3"
  resolved "https://registry.yarnpkg.com/color-convert/-/color-convert-1.9.3.tgz#bb71850690e1f136567de629d2d5471deda4c1e8"
  integrity sha512-QfAUtd+vFdAtFQcC8CCyYt1fYWxSqAiK2cSD6zDB8N3cpsEBAvRxp9zOGg6G/SHHJYAT88/az/IuDGALsNVbGg==
  dependencies:
    color-name "1.1.3"

color-name@1.1.3:
  version "1.1.3"
  resolved "https://registry.yarnpkg.com/color-name/-/color-name-1.1.3.tgz#a7d0558bd89c42f795dd42328f740831ca53bc25"
  integrity sha1-p9BVi9icQveV3UIyj3QIMcpTvCU=

couleurs@^6.0.6:
  version "6.0.11"
  resolved "https://registry.yarnpkg.com/couleurs/-/couleurs-6.0.11.tgz#15aa838cba5df3036c01a1c782d40ca9ed47e480"
  integrity sha512-y5WUDtgQKw/tVViZCj3ACX8VseU0ONxiet8SRsE89uH4s/otRLXGOMymfVbKMFzedKOdxQpTcYWukRwkvgRYdw==
  dependencies:
    ansy "^1.0.0"
    color-convert "^1.0.0"
    iterate-object "^1.3.1"
    typpy "^2.3.1"

custom-return@^1.0.0:
  version "1.0.12"
  resolved "https://registry.yarnpkg.com/custom-return/-/custom-return-1.0.12.tgz#371bcda1f4baa63cd98c00e16b2d6523ba1b741e"
  integrity sha512-Xy6IlEV6gW5Iu4YRoQe0A5RG1mzezawcTXzAk7u28oB2UilRfbbOc1C7RmWE6AJ1inSm8gghCkIpo0LUQfLbvw==
  dependencies:
    noop6 "^1.0.0"

date-unit-ms@^1.1.0:
  version "1.1.14"
  resolved "https://registry.yarnpkg.com/date-unit-ms/-/date-unit-ms-1.1.14.tgz#82dc972bbe03a65c0c73b0c7b42075ce6b510de9"
  integrity sha512-6vUHdMQkblV8lKYQqnTM2kUmWlFVG6F/0mzUbcnNygcR2vuUPeHAIE7BO7mj/brmgV1INSAG9D2GpgTLOEOHvg==

daty@^1.0.7:
  version "1.2.1"
  resolved "https://registry.yarnpkg.com/daty/-/daty-1.2.1.tgz#ceee91a4ca89ca6435b107f5f8ce4617dd753baf"
  integrity sha512-0ScX8eww2sJ1fnJuuLhP6JXonVrIIJZiVlGL6ve+Dnv3vPVFf3ZMDlose5+h/SnR4gQ1nmG3acoBP3Slycr4ag==
  dependencies:
    add-subtract-date "^1.0.0"
    class-methods "^1.0.4"
    date-unit-ms "^1.1.0"
    diff-dates "^1.0.0"
    formatoid "^1.0.0"

days@^1.0.1:
  version "1.1.1"
  resolved "https://registry.yarnpkg.com/days/-/days-1.1.1.tgz#b039d1e5ad5335ca689401855546f02d4cfcb362"
  integrity sha512-vzeIwVsEIyA35GH4+mPd4hjVDNI87wYANyZFs0BHjBr5kIBH5zEl7LfD6Wr4SFZca4D3CU9IH1w4DuZLlXzKRw==

deffy@^2.2.2:
  version "2.2.4"
  resolved "https://registry.yarnpkg.com/deffy/-/deffy-2.2.4.tgz#53c1b5f59b58a58150b1c9de5529229875c4cc17"
  integrity sha512-pLc9lsbsWjr6RxmJ2OLyvm+9l4j1yK69h+TML/gUit/t3vTijpkNGh8LioaJYTGO7F25m6HZndADcUOo2PsiUg==
  dependencies:
    typpy "^2.0.0"

diff-dates@^1.0.0:
  version "1.0.13"
  resolved "https://registry.yarnpkg.com/diff-dates/-/diff-dates-1.0.13.tgz#723afcb36610c2004eec0981a87efd0c8b2d3487"
  integrity sha512-hm55xMn/9TnTxpriMRvLEHEvFNr0Oxdx+OQczVC6P6z6WfXrK7vm7EAmC9Kfl2GMpMW5o5G4srDHs9VMGoTyug==
  dependencies:
    date-unit-ms "^1.1.0"

esprima@^4.0.0:
  version "4.0.1"
  resolved "https://registry.yarnpkg.com/esprima/-/esprima-4.0.1.tgz#13b04cdb3e6c5d19df91ab6987a8695619b0aa71"
  integrity sha512-eGuFFw7Upda+g4p+QHvnW0RyTX/SVeJBDM/gCtMARO0cLuT2HcEKnTPvhjV6aGeqrCB/sbNop0Kszm0jsaWU4A==

exclude-arr@^1.0.0:
  version "1.0.11"
  resolved "https://registry.yarnpkg.com/exclude-arr/-/exclude-arr-1.0.11.tgz#007ba6a9a51df3a93731b46e200bf8cd89006531"
  integrity sha512-yQVFDXkkpDOhSPGOu2yG4fKmDsBiufj2M5uJRS6ijcLW7/pUvCxAHJ2YQTJUkLJ4nWbl+XZn/qwMzrWYfWFgFg==

fillo@^1.0.0:
  version "1.0.13"
  resolved "https://registry.yarnpkg.com/fillo/-/fillo-1.0.13.tgz#31ff0dba75f33b04bada715277bd220448d80553"
  integrity sha512-9LYJ0ww96DUYETd2Bia5NS1b8rj42nEE5zsfcUwDErMopTs6BRBe4dRIVjrZGXSiK4vNSL/Q3u0dyqbmkA2Zdg==

follow-redirects@^1.4.1:
  version "1.13.1"
  resolved "https://registry.yarnpkg.com/follow-redirects/-/follow-redirects-1.13.1.tgz#5f69b813376cee4fd0474a3aba835df04ab763b7"
  integrity sha512-SSG5xmZh1mkPGyKzjZP8zLjltIfpW32Y5QpdNJyjcfGxK3qo3NDDkZOZSFiGn1A6SclQxY9GzEwAHQ3dmYRWpg==

formatoid@^1.0.0:
  version "1.2.4"
  resolved "https://registry.yarnpkg.com/formatoid/-/formatoid-1.2.4.tgz#924e5328566ad867a3c7658ec12f8b629fcbfe97"
  integrity sha512-9wWHOPJvbIheSpiHGl0xaBwdszlzPaeh2KqHVexGQnKpO85xrMoKvuf6M3q0B4uC3I9lkXjH6+8ipQC8PQ/7Gw==
  dependencies:
    days "^1.0.1"
    fillo "^1.0.0"
    months "^1.0.0"
    parse-it "^1.0.0"

function.name@^1.0.3:
  version "1.0.13"
  resolved "https://registry.yarnpkg.com/function.name/-/function.name-1.0.13.tgz#eef045abc4b5ff4e3e9d001a53ce14e090c971c6"
  integrity sha512-mVrqdoy5npWZyoXl4DxCeuVF6delDcQjVS9aPdvLYlBxtMTZDR2B5GVEQEoM1jJyspCqg3C0v4ABkLE7tp9xFA==
  dependencies:
    noop6 "^1.0.1"

github-colors@^2.2.18:
  version "2.2.19"
  resolved "https://registry.yarnpkg.com/github-colors/-/github-colors-2.2.19.tgz#e78a0f49c82781cb872caaa80eebb76d11a217cd"
  integrity sha512-xk3EuvPBHuP7rLWmjTMP54O8uaE8wWajDgbfXN5Ne9xZm6oOremigcVo/v13imlHzy6ku4UvhevDJakNNLllUA==
  dependencies:
    bug-killer "^4.0.0"
    js-yaml "^3.6.1"
    streamp "^2.0.0"
    tinyreq "^3.1.3"
    ul "^5.0.0"

github-graphql-client@^1.0.0:
  version "1.0.0"
  resolved "https://registry.yarnpkg.com/github-graphql-client/-/github-graphql-client-1.0.0.tgz#d5acacc31bb9f6b77e5c502812e90c844f727bca"
  integrity sha1-1ayswxu59rd+XFAoEukMhE9ye8o=

has-flag@^1.0.0:
  version "1.0.0"
  resolved "https://registry.yarnpkg.com/has-flag/-/has-flag-1.0.0.tgz#9d9e793165ce017a00f00418c43f942a7b1d11fa"
  integrity sha1-nZ55MWXOAXoA8AQYxD+UKnsdEfo=

invert-color@^2.0.0:
  version "2.0.0"
  resolved "https://registry.yarnpkg.com/invert-color/-/invert-color-2.0.0.tgz#894ab1f7494a6e45f5e74c2f99ec042cd67dd23e"
  integrity sha512-9s6IATlhOAr0/0MPUpLdMpk81ixIu8IqwPwORssXBauFT/4ff/iyEOcojd0UYuPwkDbJvL1+blIZGhqVIaAm5Q==

iterate-object@^1.3.1:
  version "1.3.4"
  resolved "https://registry.yarnpkg.com/iterate-object/-/iterate-object-1.3.4.tgz#fa50b1d9e58e340a7dd6b4c98c8a5e182e790096"
  integrity sha512-4dG1D1x/7g8PwHS9aK6QV5V94+ZvyP4+d19qDv43EzImmrndysIl4prmJ1hWWIGCqrZHyaHBm6BSEWHOLnpoNw==

js-yaml@^3.6.1:
  version "3.14.1"
  resolved "https://registry.yarnpkg.com/js-yaml/-/js-yaml-3.14.1.tgz#dae812fdb3825fa306609a8717383c50c36a0537"
  integrity sha512-okMH7OXXJ7YrN9Ok3/SXrnu4iX9yOk+25nqX4imS2npuvTYDmo/QEZoqwZkYaIDk3jVvBOTOIEgEhaLOynBS9g==
  dependencies:
    argparse "^1.0.7"
    esprima "^4.0.0"

minimist@^1.2.5:
  version "1.2.5"
  resolved "https://registry.yarnpkg.com/minimist/-/minimist-1.2.5.tgz#67d66014b66a6a8aaa0c083c5fd58df4e4e97602"
  integrity sha512-FM9nNUYrRBAELZQT3xeZQ7fmMOBg6nWNmJKTcgsJeaLstP/UODVpGsr5OhXhhXg6f+qtJ8uiZ+PUxkDWcgIXLw==

mkdirp@^0.5.0:
  version "0.5.5"
  resolved "https://registry.yarnpkg.com/mkdirp/-/mkdirp-0.5.5.tgz#d91cefd62d1436ca0f41620e251288d420099def"
  integrity sha512-NKmAlESf6jMGym1++R0Ra7wvhV+wFW63FaSOFPwRahvea0gMUcGUhVeAg/0BC0wiv9ih5NYPB1Wn1UEI1/L+xQ==
  dependencies:
    minimist "^1.2.5"

moment@^2.24.0:
  version "2.29.1"
  resolved "https://registry.yarnpkg.com/moment/-/moment-2.29.1.tgz#b2be769fa31940be9eeea6469c075e35006fa3d3"
  integrity sha512-kHmoybcPV8Sqy59DwNDY3Jefr64lK/by/da0ViFcuA4DH0vQg5Q6Ze5VimxkfQNSC+Mls/Kx53s7TjP1RhFEDQ==

months@^1.0.0:
  version "1.2.0"
  resolved "https://registry.yarnpkg.com/months/-/months-1.2.0.tgz#beef54873960334abe0b03f6b38db8adb44a13ac"
  integrity sha512-zFM7hUpziSYGk2DNObYGWgHdRRxAOgjl8CC1Rbl50p/q0rGDsREfk0nbxxmSIquVi/lEAuUY8nwbwkZ8biNCOQ==

noop6@^1.0.0, noop6@^1.0.1, noop6@^1.0.7:
  version "1.0.9"
  resolved "https://registry.yarnpkg.com/noop6/-/noop6-1.0.9.tgz#8749944c15c09f2cd2d562ac24f5a8341762a950"
  integrity sha512-DB3Hwyd89dPr5HqEPg3YHjzvwh/mCqizC1zZ8vyofqc+TQRyPDnT4wgXXbLGF4z9YAzwwTLi8pNLhGqcbSjgkA==

normalizr@^3.6.0:
  version "3.6.1"
  resolved "https://registry.yarnpkg.com/normalizr/-/normalizr-3.6.1.tgz#d367ab840e031ff382141b8d81ce279292ff69fe"
  integrity sha512-8iEmqXmPtll8PwbEFrbPoDxVw7MKnNvt3PZzR2Xvq9nggEEOgBlNICPXYzyZ4w4AkHUzCU998mdatER3n2VaMA==

parse-it@^1.0.0:
  version "1.0.10"
  resolved "https://registry.yarnpkg.com/parse-it/-/parse-it-1.0.10.tgz#1b54b770e1703f257cee71c234db8f924f9293b8"
  integrity sha512-VAG4EuoNd2TT2wSRUuKyLEkZR3MhdWc+3UPp5CDQzqSt/FiniG+yJ5RXyJYiuzVAMEKL4d97gx6O3LR5jEB3uQ==
  dependencies:
    regex-escape "^3.4.0"

regex-escape@^3.4.0:
  version "3.4.10"
  resolved "https://registry.yarnpkg.com/regex-escape/-/regex-escape-3.4.10.tgz#b45afec7a6e793b786ad193dc3d18b46b5ae08e6"
  integrity sha512-qEqf7uzW+iYcKNLMDFnMkghhQBnGdivT6KqVQyKsyjSWnoFyooXVnxrw9dtv3AFLnD6VBGXxtZGAQNFGFTnCqA==

sliced@^1.0.1:
  version "1.0.1"
  resolved "https://registry.yarnpkg.com/sliced/-/sliced-1.0.1.tgz#0b3a662b5d04c3177b1926bea82b03f837a2ef41"
  integrity sha1-CzpmK10Ewxd7GSa+qCsD+Dei70E=

sprintf-js@~1.0.2:
  version "1.0.3"
  resolved "https://registry.yarnpkg.com/sprintf-js/-/sprintf-js-1.0.3.tgz#04e6926f662895354f3dd015203633b857297e2c"
  integrity sha1-BOaSb2YolTVPPdAVIDYzuFcpfiw=

static-methods@^1.0.0:
  version "1.0.12"
  resolved "https://registry.yarnpkg.com/static-methods/-/static-methods-1.0.12.tgz#1484d57f59a9e0ca346c0c3fb9e9917507295683"
  integrity sha512-QreySTr3LHtHk0OhrZ3RKvrV/4nBRyUPPCycmTUQTENIopEaDalZzI+q+KfmNmcxeHhA3WKe3h25lAxXZEDGVw==

streamp@^2.0.0:
  version "2.2.9"
  resolved "https://registry.yarnpkg.com/streamp/-/streamp-2.2.9.tgz#bde5a66d99b6545c6f70dedcbe18c69c9f7f283e"
  integrity sha512-O9sQ0Xhca952frhlM84JEGc9a3IuBFcpsv/PemwBAzSo9Lpq9GpYUwOHVZrmda/tklqqV5hEqKp9XmN3wWpIIw==
  dependencies:
    mkdirp "^0.5.0"
    ul "^5.0.0"

supports-color@^3.1.2:
  version "3.2.3"
  resolved "https://registry.yarnpkg.com/supports-color/-/supports-color-3.2.3.tgz#65ac0504b3954171d8a64946b2ae3cbb8a5f54f6"
  integrity sha1-ZawFBLOVQXHYpklGsq48u4pfVPY=
  dependencies:
    has-flag "^1.0.0"

tinyreq@^3.1.3:
  version "3.4.2"
  resolved "https://registry.yarnpkg.com/tinyreq/-/tinyreq-3.4.2.tgz#77eacb8033e126eea7dfcfd43539b92fef652831"
  integrity sha512-VHl9n2w2t1HD9ftvbmYMA99g/yeioIRhpxT5cazb/jo2Vld5ZtPEVW4PhBFgNXjdL2ch8j6z0cawDCF7eIFZsQ==
  dependencies:
    assured "^1.0.12"
    follow-redirects "^1.4.1"
    noop6 "^1.0.7"
    ul "^5.2.13"

typpy@^2.0.0, typpy@^2.3.1, typpy@^2.3.4, typpy@^2.3.6:
  version "2.3.13"
  resolved "https://registry.yarnpkg.com/typpy/-/typpy-2.3.13.tgz#7e16a3aa83d7eecdfbd5ee615b9ffd785887ee7e"
  integrity sha512-vOxIcQz9sxHi+rT09SJ5aDgVgrPppQjwnnayTrMye1ODaU8gIZTDM19t9TxmEElbMihx2Nq/0/b/MtyKfayRqA==
  dependencies:
    function.name "^1.0.3"

ul@^5.0.0, ul@^5.2.1, ul@^5.2.13:
  version "5.2.15"
  resolved "https://registry.yarnpkg.com/ul/-/ul-5.2.15.tgz#426425355ae15df2d5d09b351aade26ed06dd9ed"
  integrity sha512-svLEUy8xSCip5IWnsRa0UOg+2zP0Wsj4qlbjTmX6GJSmvKMHADBuHOm1dpNkWqWPIGuVSqzUkV3Cris5JrlTRQ==
  dependencies:
    deffy "^2.2.2"
    typpy "^2.3.4"
